// !$*UTF8*$!
{
	archiveVersion = 1;
	classes = {
	};
	objectVersion = 55;
	objects = {

/* Begin PBXBuildFile section */
		D516A51527D9158B00CB4971 /* FilterView.swift in Sources */ = {isa = PBXBuildFile; fileRef = D516A51427D9158B00CB4971 /* FilterView.swift */; };
		D516A51727D93B1300CB4971 /* CustomHalfSheet.swift in Sources */ = {isa = PBXBuildFile; fileRef = D516A51627D93B1300CB4971 /* CustomHalfSheet.swift */; };
		D5404CD427DBB5A7003F38E3 /* DataViewModel.swift in Sources */ = {isa = PBXBuildFile; fileRef = D5404CD327DBB5A7003F38E3 /* DataViewModel.swift */; };
		D5404CE327DBCB06003F38E3 /* RecipeModel+CoreDataClass.swift in Sources */ = {isa = PBXBuildFile; fileRef = D5404CE127DBCB06003F38E3 /* RecipeModel+CoreDataClass.swift */; };
		D5404CE427DBCB06003F38E3 /* RecipeModel+CoreDataProperties.swift in Sources */ = {isa = PBXBuildFile; fileRef = D5404CE227DBCB06003F38E3 /* RecipeModel+CoreDataProperties.swift */; };
		D54B396727D77F3E00E5DE0D /* Recipe.swift in Sources */ = {isa = PBXBuildFile; fileRef = D54B396627D77F3E00E5DE0D /* Recipe.swift */; };
		D54B396927D78E9200E5DE0D /* ViewModel.swift in Sources */ = {isa = PBXBuildFile; fileRef = D54B396827D78E9200E5DE0D /* ViewModel.swift */; };
		D54B396F27D798D300E5DE0D /* IngredientsCard.swift in Sources */ = {isa = PBXBuildFile; fileRef = D54B396E27D798D300E5DE0D /* IngredientsCard.swift */; };
		D54B397127D7A8C400E5DE0D /* Details.swift in Sources */ = {isa = PBXBuildFile; fileRef = D54B397027D7A8C400E5DE0D /* Details.swift */; };
		D59CA17927D95ABA00CDD069 /* Help.swift in Sources */ = {isa = PBXBuildFile; fileRef = D59CA17827D95ABA00CDD069 /* Help.swift */; };
		D5ED047227DACD850079A42C /* RecipeModelCoreData.xcdatamodeld in Sources */ = {isa = PBXBuildFile; fileRef = D5ED047027DACD850079A42C /* RecipeModelCoreData.xcdatamodeld */; };
		D5ED047D27DB86030079A42C /* CoreDataManger.swift in Sources */ = {isa = PBXBuildFile; fileRef = D5ED047C27DB86030079A42C /* CoreDataManger.swift */; };
		D5F334D127D22DC000C97E59 /* RecipeSavedApp.swift in Sources */ = {isa = PBXBuildFile; fileRef = D5F334D027D22DC000C97E59 /* RecipeSavedApp.swift */; };
		D5F334D327D22DC000C97E59 /* ContentView.swift in Sources */ = {isa = PBXBuildFile; fileRef = D5F334D227D22DC000C97E59 /* ContentView.swift */; };
		D5F334D527D22DC100C97E59 /* Assets.xcassets in Resources */ = {isa = PBXBuildFile; fileRef = D5F334D427D22DC100C97E59 /* Assets.xcassets */; };
		D5F334D827D22DC100C97E59 /* Preview Assets.xcassets in Resources */ = {isa = PBXBuildFile; fileRef = D5F334D727D22DC100C97E59 /* Preview Assets.xcassets */; };
		D5F334E227D22FD900C97E59 /* HomeView.swift in Sources */ = {isa = PBXBuildFile; fileRef = D5F334E127D22FD900C97E59 /* HomeView.swift */; };
		D5F334E827D2334F00C97E59 /* favouriteView.swift in Sources */ = {isa = PBXBuildFile; fileRef = D5F334E727D2334F00C97E59 /* favouriteView.swift */; };
		D5F334F027D29A4900C97E59 /* API_INFO.swift in Sources */ = {isa = PBXBuildFile; fileRef = D5F334EF27D29A4900C97E59 /* API_INFO.swift */; };
		D5F334F427D29E7F00C97E59 /* RecipesCard.swift in Sources */ = {isa = PBXBuildFile; fileRef = D5F334F327D29E7F00C97E59 /* RecipesCard.swift */; };
		D5F334F727D2B07000C97E59 /* RecipeList.swift in Sources */ = {isa = PBXBuildFile; fileRef = D5F334F627D2B07000C97E59 /* RecipeList.swift */; };
		D5F334F927D2B6FF00C97E59 /* RecipeDetailsView.swift in Sources */ = {isa = PBXBuildFile; fileRef = D5F334F827D2B6FF00C97E59 /* RecipeDetailsView.swift */; };
/* End PBXBuildFile section */

/* Begin PBXFileReference section */
		D516A51427D9158B00CB4971 /* FilterView.swift */ = {isa = PBXFileReference; lastKnownFileType = sourcecode.swift; path = FilterView.swift; sourceTree = "<group>"; };
		D516A51627D93B1300CB4971 /* CustomHalfSheet.swift */ = {isa = PBXFileReference; lastKnownFileType = sourcecode.swift; path = CustomHalfSheet.swift; sourceTree = "<group>"; };
		D5404CD327DBB5A7003F38E3 /* DataViewModel.swift */ = {isa = PBXFileReference; lastKnownFileType = sourcecode.swift; path = DataViewModel.swift; sourceTree = "<group>"; };
		D5404CE127DBCB06003F38E3 /* RecipeModel+CoreDataClass.swift */ = {isa = PBXFileReference; lastKnownFileType = sourcecode.swift; path = "RecipeModel+CoreDataClass.swift"; sourceTree = "<group>"; };
		D5404CE227DBCB06003F38E3 /* RecipeModel+CoreDataProperties.swift */ = {isa = PBXFileReference; lastKnownFileType = sourcecode.swift; path = "RecipeModel+CoreDataProperties.swift"; sourceTree = "<group>"; };
		D54B396627D77F3E00E5DE0D /* Recipe.swift */ = {isa = PBXFileReference; lastKnownFileType = sourcecode.swift; path = Recipe.swift; sourceTree = "<group>"; };
		D54B396827D78E9200E5DE0D /* ViewModel.swift */ = {isa = PBXFileReference; lastKnownFileType = sourcecode.swift; path = ViewModel.swift; sourceTree = "<group>"; };
		D54B396E27D798D300E5DE0D /* IngredientsCard.swift */ = {isa = PBXFileReference; lastKnownFileType = sourcecode.swift; path = IngredientsCard.swift; sourceTree = "<group>"; };
		D54B397027D7A8C400E5DE0D /* Details.swift */ = {isa = PBXFileReference; lastKnownFileType = sourcecode.swift; path = Details.swift; sourceTree = "<group>"; };
		D59CA17827D95ABA00CDD069 /* Help.swift */ = {isa = PBXFileReference; lastKnownFileType = sourcecode.swift; path = Help.swift; sourceTree = "<group>"; };
		D5ED047127DACD850079A42C /* RecipeModel.xcdatamodel */ = {isa = PBXFileReference; lastKnownFileType = wrapper.xcdatamodel; path = RecipeModel.xcdatamodel; sourceTree = "<group>"; };
		D5ED047C27DB86030079A42C /* CoreDataManger.swift */ = {isa = PBXFileReference; lastKnownFileType = sourcecode.swift; path = CoreDataManger.swift; sourceTree = "<group>"; };
		D5F334CD27D22DC000C97E59 /* RecipeSaved.app */ = {isa = PBXFileReference; explicitFileType = wrapper.application; includeInIndex = 0; path = RecipeSaved.app; sourceTree = BUILT_PRODUCTS_DIR; };
		D5F334D027D22DC000C97E59 /* RecipeSavedApp.swift */ = {isa = PBXFileReference; lastKnownFileType = sourcecode.swift; path = RecipeSavedApp.swift; sourceTree = "<group>"; };
		D5F334D227D22DC000C97E59 /* ContentView.swift */ = {isa = PBXFileReference; lastKnownFileType = sourcecode.swift; path = ContentView.swift; sourceTree = "<group>"; };
		D5F334D427D22DC100C97E59 /* Assets.xcassets */ = {isa = PBXFileReference; lastKnownFileType = folder.assetcatalog; path = Assets.xcassets; sourceTree = "<group>"; };
		D5F334D727D22DC100C97E59 /* Preview Assets.xcassets */ = {isa = PBXFileReference; lastKnownFileType = folder.assetcatalog; path = "Preview Assets.xcassets"; sourceTree = "<group>"; };
		D5F334E127D22FD900C97E59 /* HomeView.swift */ = {isa = PBXFileReference; lastKnownFileType = sourcecode.swift; path = HomeView.swift; sourceTree = "<group>"; };
		D5F334E727D2334F00C97E59 /* favouriteView.swift */ = {isa = PBXFileReference; lastKnownFileType = sourcecode.swift; path = favouriteView.swift; sourceTree = "<group>"; };
		D5F334EF27D29A4900C97E59 /* API_INFO.swift */ = {isa = PBXFileReference; lastKnownFileType = sourcecode.swift; path = API_INFO.swift; sourceTree = "<group>"; };
		D5F334F327D29E7F00C97E59 /* RecipesCard.swift */ = {isa = PBXFileReference; lastKnownFileType = sourcecode.swift; path = RecipesCard.swift; sourceTree = "<group>"; };
		D5F334F627D2B07000C97E59 /* RecipeList.swift */ = {isa = PBXFileReference; lastKnownFileType = sourcecode.swift; path = RecipeList.swift; sourceTree = "<group>"; };
		D5F334F827D2B6FF00C97E59 /* RecipeDetailsView.swift */ = {isa = PBXFileReference; lastKnownFileType = sourcecode.swift; path = RecipeDetailsView.swift; sourceTree = "<group>"; };
/* End PBXFileReference section */

/* Begin PBXFrameworksBuildPhase section */
		D5F334CA27D22DC000C97E59 /* Frameworks */ = {
			isa = PBXFrameworksBuildPhase;
			buildActionMask = 2147483647;
			files = (
			);
			runOnlyForDeploymentPostprocessing = 0;
		};
/* End PBXFrameworksBuildPhase section */

/* Begin PBXGroup section */
		D54B396B27D797CE00E5DE0D /* Component */ = {
			isa = PBXGroup;
			children = (
				D54B396E27D798D300E5DE0D /* IngredientsCard.swift */,
			);
			path = Component;
			sourceTree = "<group>";
		};
		D54B396C27D7980100E5DE0D /* Favourite */ = {
			isa = PBXGroup;
			children = (
				D5F334E727D2334F00C97E59 /* favouriteView.swift */,
			);
			path = Favourite;
			sourceTree = "<group>";
		};
		D54B396D27D7989E00E5DE0D /* RecipeDetails */ = {
			isa = PBXGroup;
			children = (
				D54B396B27D797CE00E5DE0D /* Component */,
				D5F334F827D2B6FF00C97E59 /* RecipeDetailsView.swift */,
				D54B397027D7A8C400E5DE0D /* Details.swift */,
			);
			path = RecipeDetails;
			sourceTree = "<group>";
		};
		D5ED047B27DB85DA0079A42C /* Managers */ = {
			isa = PBXGroup;
			children = (
				D5404CE127DBCB06003F38E3 /* RecipeModel+CoreDataClass.swift */,
				D5404CE227DBCB06003F38E3 /* RecipeModel+CoreDataProperties.swift */,
				D5ED047C27DB86030079A42C /* CoreDataManger.swift */,
			);
			path = Managers;
			sourceTree = "<group>";
		};
		D5ED047E27DB86140079A42C /* Extension */ = {
			isa = PBXGroup;
			children = (
				D516A51627D93B1300CB4971 /* CustomHalfSheet.swift */,
			);
			path = Extension;
			sourceTree = "<group>";
		};
		D5F334C427D22DBF00C97E59 = {
			isa = PBXGroup;
			children = (
				D5F334CF27D22DC000C97E59 /* RecipeSaved */,
				D5F334CE27D22DC000C97E59 /* Products */,
			);
			sourceTree = "<group>";
		};
		D5F334CE27D22DC000C97E59 /* Products */ = {
			isa = PBXGroup;
			children = (
				D5F334CD27D22DC000C97E59 /* RecipeSaved.app */,
			);
			name = Products;
			sourceTree = "<group>";
		};
		D5F334CF27D22DC000C97E59 /* RecipeSaved */ = {
			isa = PBXGroup;
			children = (
				D5ED047E27DB86140079A42C /* Extension */,
				D5F334E027D22E6600C97E59 /* Model */,
				D5F334DE27D22E5600C97E59 /* View */,
				D5F334DF27D22E5C00C97E59 /* ViewModel */,
				D5F334D027D22DC000C97E59 /* RecipeSavedApp.swift */,
				D5F334D427D22DC100C97E59 /* Assets.xcassets */,
				D5F334D627D22DC100C97E59 /* Preview Content */,
				D5F334EF27D29A4900C97E59 /* API_INFO.swift */,
				D59CA17827D95ABA00CDD069 /* Help.swift */,
			);
			path = RecipeSaved;
			sourceTree = "<group>";
		};
		D5F334D627D22DC100C97E59 /* Preview Content */ = {
			isa = PBXGroup;
			children = (
				D5F334D727D22DC100C97E59 /* Preview Assets.xcassets */,
			);
			path = "Preview Content";
			sourceTree = "<group>";
		};
		D5F334DE27D22E5600C97E59 /* View */ = {
			isa = PBXGroup;
			children = (
				D54B396D27D7989E00E5DE0D /* RecipeDetails */,
				D5F334D227D22DC000C97E59 /* ContentView.swift */,
				D5F334F127D29E3800C97E59 /* TabView */,
			);
			path = View;
			sourceTree = "<group>";
		};
		D5F334DF27D22E5C00C97E59 /* ViewModel */ = {
			isa = PBXGroup;
			children = (
				D54B396827D78E9200E5DE0D /* ViewModel.swift */,
				D5404CD327DBB5A7003F38E3 /* DataViewModel.swift */,
			);
			path = ViewModel;
			sourceTree = "<group>";
		};
		D5F334E027D22E6600C97E59 /* Model */ = {
			isa = PBXGroup;
			children = (
				D5ED047B27DB85DA0079A42C /* Managers */,
				D54B396627D77F3E00E5DE0D /* Recipe.swift */,
				D5ED047027DACD850079A42C /* RecipeModelCoreData.xcdatamodeld */,
			);
			path = Model;
			sourceTree = "<group>";
		};
		D5F334F127D29E3800C97E59 /* TabView */ = {
			isa = PBXGroup;
			children = (
				D5F334F227D29E5A00C97E59 /* Component */,
				D54B396C27D7980100E5DE0D /* Favourite */,
				D5F334F527D2B03800C97E59 /* Home */,
			);
			path = TabView;
			sourceTree = "<group>";
		};
		D5F334F227D29E5A00C97E59 /* Component */ = {
			isa = PBXGroup;
			children = (
				D5F334F327D29E7F00C97E59 /* RecipesCard.swift */,
				D5F334F627D2B07000C97E59 /* RecipeList.swift */,
			);
			path = Component;
			sourceTree = "<group>";
		};
		D5F334F527D2B03800C97E59 /* Home */ = {
			isa = PBXGroup;
			children = (
				D5F334E127D22FD900C97E59 /* HomeView.swift */,
				D516A51427D9158B00CB4971 /* FilterView.swift */,
			);
			path = Home;
			sourceTree = "<group>";
		};
/* End PBXGroup section */

/* Begin PBXNativeTarget section */
		D5F334CC27D22DC000C97E59 /* RecipeSaved */ = {
			isa = PBXNativeTarget;
			buildConfigurationList = D5F334DB27D22DC100C97E59 /* Build configuration list for PBXNativeTarget "RecipeSaved" */;
			buildPhases = (
				D5F334C927D22DC000C97E59 /* Sources */,
				D5F334CA27D22DC000C97E59 /* Frameworks */,
				D5F334CB27D22DC000C97E59 /* Resources */,
			);
			buildRules = (
			);
			dependencies = (
			);
			name = RecipeSaved;
			productName = RecipeSaved;
			productReference = D5F334CD27D22DC000C97E59 /* RecipeSaved.app */;
			productType = "com.apple.product-type.application";
		};
/* End PBXNativeTarget section */

/* Begin PBXProject section */
		D5F334C527D22DBF00C97E59 /* Project object */ = {
			isa = PBXProject;
			attributes = {
				BuildIndependentTargetsInParallel = 1;
				LastSwiftUpdateCheck = 1320;
				LastUpgradeCheck = 1320;
				TargetAttributes = {
					D5F334CC27D22DC000C97E59 = {
						CreatedOnToolsVersion = 13.2.1;
					};
				};
			};
			buildConfigurationList = D5F334C827D22DBF00C97E59 /* Build configuration list for PBXProject "RecipeSaved" */;
			compatibilityVersion = "Xcode 13.0";
			developmentRegion = en;
			hasScannedForEncodings = 0;
			knownRegions = (
				en,
				Base,
			);
			mainGroup = D5F334C427D22DBF00C97E59;
			productRefGroup = D5F334CE27D22DC000C97E59 /* Products */;
			projectDirPath = "";
			projectRoot = "";
			targets = (
				D5F334CC27D22DC000C97E59 /* RecipeSaved */,
			);
		};
/* End PBXProject section */

/* Begin PBXResourcesBuildPhase section */
		D5F334CB27D22DC000C97E59 /* Resources */ = {
			isa = PBXResourcesBuildPhase;
			buildActionMask = 2147483647;
			files = (
				D5F334D827D22DC100C97E59 /* Preview Assets.xcassets in Resources */,
				D5F334D527D22DC100C97E59 /* Assets.xcassets in Resources */,
			);
			runOnlyForDeploymentPostprocessing = 0;
		};
/* End PBXResourcesBuildPhase section */

/* Begin PBXSourcesBuildPhase section */
		D5F334C927D22DC000C97E59 /* Sources */ = {
			isa = PBXSourcesBuildPhase;
			buildActionMask = 2147483647;
			files = (
				D5F334F027D29A4900C97E59 /* API_INFO.swift in Sources */,
				D5F334E227D22FD900C97E59 /* HomeView.swift in Sources */,
				D5404CD427DBB5A7003F38E3 /* DataViewModel.swift in Sources */,
				D5F334D327D22DC000C97E59 /* ContentView.swift in Sources */,
				D5F334F727D2B07000C97E59 /* RecipeList.swift in Sources */,
				D5F334F427D29E7F00C97E59 /* RecipesCard.swift in Sources */,
				D54B397127D7A8C400E5DE0D /* Details.swift in Sources */,
				D54B396F27D798D300E5DE0D /* IngredientsCard.swift in Sources */,
				D5404CE327DBCB06003F38E3 /* RecipeModel+CoreDataClass.swift in Sources */,
				D5F334E827D2334F00C97E59 /* favouriteView.swift in Sources */,
				D5F334F927D2B6FF00C97E59 /* RecipeDetailsView.swift in Sources */,
				D5ED047227DACD850079A42C /* RecipeModelCoreData.xcdatamodeld in Sources */,
				D5F334D127D22DC000C97E59 /* RecipeSavedApp.swift in Sources */,
				D54B396927D78E9200E5DE0D /* ViewModel.swift in Sources */,
				D516A51527D9158B00CB4971 /* FilterView.swift in Sources */,
				D5ED047D27DB86030079A42C /* CoreDataManger.swift in Sources */,
				D54B396727D77F3E00E5DE0D /* Recipe.swift in Sources */,
				D59CA17927D95ABA00CDD069 /* Help.swift in Sources */,
				D516A51727D93B1300CB4971 /* CustomHalfSheet.swift in Sources */,
				D5404CE427DBCB06003F38E3 /* RecipeModel+CoreDataProperties.swift in Sources */,
			);
			runOnlyForDeploymentPostprocessing = 0;
		};
/* End PBXSourcesBuildPhase section */

/* Begin XCBuildConfiguration section */
		D5F334D927D22DC100C97E59 /* Debug */ = {
			isa = XCBuildConfiguration;
			buildSettings = {
				ALWAYS_SEARCH_USER_PATHS = NO;
				CLANG_ANALYZER_NONNULL = YES;
				CLANG_ANALYZER_NUMBER_OBJECT_CONVERSION = YES_AGGRESSIVE;
				CLANG_CXX_LANGUAGE_STANDARD = "gnu++17";
				CLANG_CXX_LIBRARY = "libc++";
				CLANG_ENABLE_MODULES = YES;
				CLANG_ENABLE_OBJC_ARC = YES;
				CLANG_ENABLE_OBJC_WEAK = YES;
				CLANG_WARN_BLOCK_CAPTURE_AUTORELEASING = YES;
				CLANG_WARN_BOOL_CONVERSION = YES;
				CLANG_WARN_COMMA = YES;
				CLANG_WARN_CONSTANT_CONVERSION = YES;
				CLANG_WARN_DEPRECATED_OBJC_IMPLEMENTATIONS = YES;
				CLANG_WARN_DIRECT_OBJC_ISA_USAGE = YES_ERROR;
				CLANG_WARN_DOCUMENTATION_COMMENTS = YES;
				CLANG_WARN_EMPTY_BODY = YES;
				CLANG_WARN_ENUM_CONVERSION = YES;
				CLANG_WARN_INFINITE_RECURSION = YES;
				CLANG_WARN_INT_CONVERSION = YES;
				CLANG_WARN_NON_LITERAL_NULL_CONVERSION = YES;
				CLANG_WARN_OBJC_IMPLICIT_RETAIN_SELF = YES;
				CLANG_WARN_OBJC_LITERAL_CONVERSION = YES;
				CLANG_WARN_OBJC_ROOT_CLASS = YES_ERROR;
				CLANG_WARN_QUOTED_INCLUDE_IN_FRAMEWORK_HEADER = YES;
				CLANG_WARN_RANGE_LOOP_ANALYSIS = YES;
				CLANG_WARN_STRICT_PROTOTYPES = YES;
				CLANG_WARN_SUSPICIOUS_MOVE = YES;
				CLANG_WARN_UNGUARDED_AVAILABILITY = YES_AGGRESSIVE;
				CLANG_WARN_UNREACHABLE_CODE = YES;
				CLANG_WARN__DUPLICATE_METHOD_MATCH = YES;
				COPY_PHASE_STRIP = NO;
				DEBUG_INFORMATION_FORMAT = dwarf;
				ENABLE_STRICT_OBJC_MSGSEND = YES;
				ENABLE_TESTABILITY = YES;
				GCC_C_LANGUAGE_STANDARD = gnu11;
				GCC_DYNAMIC_NO_PIC = NO;
				GCC_NO_COMMON_BLOCKS = YES;
				GCC_OPTIMIZATION_LEVEL = 0;
				GCC_PREPROCESSOR_DEFINITIONS = (
					"DEBUG=1",
					"$(inherited)",
				);
				GCC_WARN_64_TO_32_BIT_CONVERSION = YES;
				GCC_WARN_ABOUT_RETURN_TYPE = YES_ERROR;
				GCC_WARN_UNDECLARED_SELECTOR = YES;
				GCC_WARN_UNINITIALIZED_AUTOS = YES_AGGRESSIVE;
				GCC_WARN_UNUSED_FUNCTION = YES;
				GCC_WARN_UNUSED_VARIABLE = YES;
				IPHONEOS_DEPLOYMENT_TARGET = 15.2;
				MTL_ENABLE_DEBUG_INFO = INCLUDE_SOURCE;
				MTL_FAST_MATH = YES;
				ONLY_ACTIVE_ARCH = YES;
				SDKROOT = iphoneos;
				SWIFT_ACTIVE_COMPILATION_CONDITIONS = DEBUG;
				SWIFT_OPTIMIZATION_LEVEL = "-Onone";
			};
			name = Debug;
		};
		D5F334DA27D22DC100C97E59 /* Release */ = {
			isa = XCBuildConfiguration;
			buildSettings = {
				ALWAYS_SEARCH_USER_PATHS = NO;
				CLANG_ANALYZER_NONNULL = YES;
				CLANG_ANALYZER_NUMBER_OBJECT_CONVERSION = YES_AGGRESSIVE;
				CLANG_CXX_LANGUAGE_STANDARD = "gnu++17";
				CLANG_CXX_LIBRARY = "libc++";
				CLANG_ENABLE_MODULES = YES;
				CLANG_ENABLE_OBJC_ARC = YES;
				CLANG_ENABLE_OBJC_WEAK = YES;
				CLANG_WARN_BLOCK_CAPTURE_AUTORELEASING = YES;
				CLANG_WARN_BOOL_CONVERSION = YES;
				CLANG_WARN_COMMA = YES;
				CLANG_WARN_CONSTANT_CONVERSION = YES;
				CLANG_WARN_DEPRECATED_OBJC_IMPLEMENTATIONS = YES;
				CLANG_WARN_DIRECT_OBJC_ISA_USAGE = YES_ERROR;
				CLANG_WARN_DOCUMENTATION_COMMENTS = YES;
				CLANG_WARN_EMPTY_BODY = YES;
				CLANG_WARN_ENUM_CONVERSION = YES;
				CLANG_WARN_INFINITE_RECURSION = YES;
				CLANG_WARN_INT_CONVERSION = YES;
				CLANG_WARN_NON_LITERAL_NULL_CONVERSION = YES;
				CLANG_WARN_OBJC_IMPLICIT_RETAIN_SELF = YES;
				CLANG_WARN_OBJC_LITERAL_CONVERSION = YES;
				CLANG_WARN_OBJC_ROOT_CLASS = YES_ERROR;
				CLANG_WARN_QUOTED_INCLUDE_IN_FRAMEWORK_HEADER = YES;
				CLANG_WARN_RANGE_LOOP_ANALYSIS = YES;
				CLANG_WARN_STRICT_PROTOTYPES = YES;
				CLANG_WARN_SUSPICIOUS_MOVE = YES;
				CLANG_WARN_UNGUARDED_AVAILABILITY = YES_AGGRESSIVE;
				CLANG_WARN_UNREACHABLE_CODE = YES;
				CLANG_WARN__DUPLICATE_METHOD_MATCH = YES;
				COPY_PHASE_STRIP = NO;
				DEBUG_INFORMATION_FORMAT = "dwarf-with-dsym";
				ENABLE_NS_ASSERTIONS = NO;
				ENABLE_STRICT_OBJC_MSGSEND = YES;
				GCC_C_LANGUAGE_STANDARD = gnu11;
				GCC_NO_COMMON_BLOCKS = YES;
				GCC_WARN_64_TO_32_BIT_CONVERSION = YES;
				GCC_WARN_ABOUT_RETURN_TYPE = YES_ERROR;
				GCC_WARN_UNDECLARED_SELECTOR = YES;
				GCC_WARN_UNINITIALIZED_AUTOS = YES_AGGRESSIVE;
				GCC_WARN_UNUSED_FUNCTION = YES;
				GCC_WARN_UNUSED_VARIABLE = YES;
				IPHONEOS_DEPLOYMENT_TARGET = 15.2;
				MTL_ENABLE_DEBUG_INFO = NO;
				MTL_FAST_MATH = YES;
				SDKROOT = iphoneos;
				SWIFT_COMPILATION_MODE = wholemodule;
				SWIFT_OPTIMIZATION_LEVEL = "-O";
				VALIDATE_PRODUCT = YES;
			};
			name = Release;
		};
		D5F334DC27D22DC100C97E59 /* Debug */ = {
			isa = XCBuildConfiguration;
			buildSettings = {
				ASSETCATALOG_COMPILER_APPICON_NAME = AppIcon;
				ASSETCATALOG_COMPILER_GLOBAL_ACCENT_COLOR_NAME = AccentColor;
				CODE_SIGN_ENTITLEMENTS = RecipeSaved/RecipeSaved.entitlements;
				CODE_SIGN_STYLE = Automatic;
				CURRENT_PROJECT_VERSION = 1;
				DEVELOPMENT_ASSET_PATHS = "\"RecipeSaved/Preview Content\"";
				DEVELOPMENT_TEAM = SB52S4673U;
				ENABLE_PREVIEWS = YES;
				GENERATE_INFOPLIST_FILE = YES;
				INFOPLIST_KEY_UIApplicationSceneManifest_Generation = YES;
				INFOPLIST_KEY_UIApplicationSupportsIndirectInputEvents = YES;
				INFOPLIST_KEY_UILaunchScreen_Generation = YES;
				INFOPLIST_KEY_UISupportedInterfaceOrientations_iPad = "UIInterfaceOrientationPortrait UIInterfaceOrientationPortraitUpsideDown UIInterfaceOrientationLandscapeLeft UIInterfaceOrientationLandscapeRight";
				INFOPLIST_KEY_UISupportedInterfaceOrientations_iPhone = "UIInterfaceOrientationPortrait UIInterfaceOrientationLandscapeLeft UIInterfaceOrientationLandscapeRight";
				LD_RUNPATH_SEARCH_PATHS = (
					"$(inherited)",
					"@executable_path/Frameworks",
				);
				MARKETING_VERSION = 1.0;
				PRODUCT_BUNDLE_IDENTIFIER = asemElkhouli.RecipeSaved;
				PRODUCT_NAME = "$(TARGET_NAME)";
				SUPPORTS_MACCATALYST = NO;
				SWIFT_EMIT_LOC_STRINGS = YES;
				SWIFT_VERSION = 5.0;
				TARGETED_DEVICE_FAMILY = "1,2";
			};
			name = Debug;
		};
		D5F334DD27D22DC100C97E59 /* Release */ = {
			isa = XCBuildConfiguration;
			buildSettings = {
				ASSETCATALOG_COMPILER_APPICON_NAME = AppIcon;
				ASSETCATALOG_COMPILER_GLOBAL_ACCENT_COLOR_NAME = AccentColor;
				CODE_SIGN_ENTITLEMENTS = RecipeSaved/RecipeSaved.entitlements;
				CODE_SIGN_STYLE = Automatic;
				CURRENT_PROJECT_VERSION = 1;
				DEVELOPMENT_ASSET_PATHS = "\"RecipeSaved/Preview Content\"";
				DEVELOPMENT_TEAM = SB52S4673U;
				ENABLE_PREVIEWS = YES;
				GENERATE_INFOPLIST_FILE = YES;
				INFOPLIST_KEY_UIApplicationSceneManifest_Generation = YES;
				INFOPLIST_KEY_UIApplicationSupportsIndirectInputEvents = YES;
				INFOPLIST_KEY_UILaunchScreen_Generation = YES;
				INFOPLIST_KEY_UISupportedInterfaceOrientations_iPad = "UIInterfaceOrientationPortrait UIInterfaceOrientationPortraitUpsideDown UIInterfaceOrientationLandscapeLeft UIInterfaceOrientationLandscapeRight";
				INFOPLIST_KEY_UISupportedInterfaceOrientations_iPhone = "UIInterfaceOrientationPortrait UIInterfaceOrientationLandscapeLeft UIInterfaceOrientationLandscapeRight";
				LD_RUNPATH_SEARCH_PATHS = (
					"$(inherited)",
					"@executable_path/Frameworks",
				);
				MARKETING_VERSION = 1.0;
				PRODUCT_BUNDLE_IDENTIFIER = asemElkhouli.RecipeSaved;
				PRODUCT_NAME = "$(TARGET_NAME)";
				SUPPORTS_MACCATALYST = NO;
				SWIFT_EMIT_LOC_STRINGS = YES;
				SWIFT_VERSION = 5.0;
				TARGETED_DEVICE_FAMILY = "1,2";
			};
			name = Release;
		};
/* End XCBuildConfiguration section */

/* Begin XCConfigurationList section */
		D5F334C827D22DBF00C97E59 /* Build configuration list for PBXProject "RecipeSaved" */ = {
			isa = XCConfigurationList;
			buildConfigurations = (
				D5F334D927D22DC100C97E59 /* Debug */,
				D5F334DA27D22DC100C97E59 /* Release */,
			);
			defaultConfigurationIsVisible = 0;
			defaultConfigurationName = Release;
		};
		D5F334DB27D22DC100C97E59 /* Build configuration list for PBXNativeTarget "RecipeSaved" */ = {
			isa = XCConfigurationList;
			buildConfigurations = (
				D5F334DC27D22DC100C97E59 /* Debug */,
				D5F334DD27D22DC100C97E59 /* Release */,
			);
			defaultConfigurationIsVisible = 0;
			defaultConfigurationName = Release;
		};
/* End XCConfigurationList section */

/* Begin XCVersionGroup section */
		D5ED047027DACD850079A42C /* RecipeModelCoreData.xcdatamodeld */ = {
			isa = XCVersionGroup;
			children = (
				D5ED047127DACD850079A42C /* RecipeModel.xcdatamodel */,
			);
			currentVersion = D5ED047127DACD850079A42C /* RecipeModel.xcdatamodel */;
			path = RecipeModelCoreData.xcdatamodeld;
			sourceTree = "<group>";
			versionGroupType = wrapper.xcdatamodel;
		};
/* End XCVersionGroup section */
	};
	rootObject = D5F334C527D22DBF00C97E59 /* Project object */;
}
